{
  "version": 4,
  "terraform_version": "1.3.9",
  "serial": 6,
  "lineage": "5c5125b8-1f83-1427-3f16-fbd47ddaa309",
  "outputs": {},
  "resources": [
    {
      "mode": "data",
      "type": "docker_registry_image",
      "name": "ubuntu",
      "provider": "provider[\"registry.terraform.io/kreuzwerker/docker\"]",
      "instances": [
        {
          "schema_version": 0,
          "attributes": {
            "id": "sha256:9a0bdde4188b896a372804be2384015e90e3f84906b750c1a53539b585fbbe7f",
            "insecure_skip_verify": false,
            "name": "ubuntu:jammy",
            "sha256_digest": "sha256:9a0bdde4188b896a372804be2384015e90e3f84906b750c1a53539b585fbbe7f"
          },
          "sensitive_attributes": []
        }
      ]
    },
    {
      "mode": "managed",
      "type": "docker_image",
      "name": "ubuntu",
      "provider": "provider[\"registry.terraform.io/kreuzwerker/docker\"]",
      "instances": [
        {
          "schema_version": 0,
          "attributes": {
            "build": [],
            "force_remove": null,
            "id": "sha256:58db3edaf2be6e80f628796355b1bdeaf8bea1692b402f48b7e7b8d1ff100b02ubuntu:jammy",
            "image_id": "sha256:58db3edaf2be6e80f628796355b1bdeaf8bea1692b402f48b7e7b8d1ff100b02",
            "keep_locally": null,
            "name": "ubuntu:jammy",
            "platform": null,
            "pull_triggers": [
              "sha256:9a0bdde4188b896a372804be2384015e90e3f84906b750c1a53539b585fbbe7f"
            ],
            "repo_digest": "ubuntu@sha256:9a0bdde4188b896a372804be2384015e90e3f84906b750c1a53539b585fbbe7f",
            "triggers": null
          },
          "sensitive_attributes": [],
          "private": "bnVsbA==",
          "dependencies": [
            "data.docker_registry_image.ubuntu"
          ]
        }
      ]
    }
  ],
  "check_results": null
}
